# THIS IS AN AUTOGENERATED FILE. DO NOT EDIT THIS FILE DIRECTLY.
# yarn lockfile v1


"@unicef/material-ui-currency-textfield@^0.8.6":
  version "0.8.6"
  resolved "https://registry.yarnpkg.com/@unicef/material-ui-currency-textfield/-/material-ui-currency-textfield-0.8.6.tgz#a14e33a134a894e8e799cf6cec002864dceb541b"
  integrity sha512-zXhwJbz8mRa4xVZ6zkkyn9UyXHT4CXFn1JuvkVhDFqtqPkjQXBg+/dWMlJAfX6m1CvwfxwiF9giJxJqFEsTUqg==
  dependencies:
    autonumeric "^4.5.4"

autonumeric@^4.5.4:
  version "4.5.13"
  resolved "https://registry.yarnpkg.com/autonumeric/-/autonumeric-4.5.13.tgz#945f8182970383b27beee54de1596549124eb161"
  integrity sha512-GHpM0cGWTzFVDQyOgpXlNoqe8fDn6minpGEauLgDnGb4k24WmF8GInLnhIGWoJXisHZuWmTeKqFcIBnf5c2DaA==
